
Microsoft Visual Studio Solution File, Format Version 12.00
# Visual Studio Version 16
VisualStudioVersion = 16.0.30711.63
MinimumVisualStudioVersion = 10.0.40219.1
Project("{9A19103F-16F7-4668-BE54-9A1E7A4F7556}") = "Hania.NetCore.Mongo", "E:\AkbarAhmadi\NetCoreNuget\Hania.NetCore.Mongo\Hania.NetCore.Mongo.csproj", "{7BBBD9A4-CD49-4307-8BF2-6632B8E3C082}"
EndProject
Project("{FAE04EC0-301F-11D3-BF4B-00C04F79EFBC}") = "Hania.NetCore.Mongo.Sample", "Hania.NetCore.Mongo.Sample\Hania.NetCore.Mongo.Sample.csproj", "{A3A9E69B-ECD4-438D-9DE1-2070ABA52F46}"
EndProject
Project("{E53339B2-1760-4266-BCC7-CA923CBCF16C}") = "docker-compose", "docker-compose.dcproj", "{8B73BA33-E11D-4AA5-8918-437F85F09B30}"
EndProject
Global
	GlobalSection(SolutionConfigurationPlatforms) = preSolution
		Debug|Any CPU = Debug|Any CPU
		Release|Any CPU = Release|Any CPU
	EndGlobalSection
	GlobalSection(ProjectConfigurationPlatforms) = postSolution
		{7BBBD9A4-CD49-4307-8BF2-6632B8E3C082}.Debug|Any CPU.ActiveCfg = Debug|Any CPU
		{7BBBD9A4-CD49-4307-8BF2-6632B8E3C082}.Debug|Any CPU.Build.0 = Debug|Any CPU
		{7BBBD9A4-CD49-4307-8BF2-6632B8E3C082}.Release|Any CPU.ActiveCfg = Release|Any CPU
		{7BBBD9A4-CD49-4307-8BF2-6632B8E3C082}.Release|Any CPU.Build.0 = Release|Any CPU
		{A3A9E69B-ECD4-438D-9DE1-2070ABA52F46}.Debug|Any CPU.ActiveCfg = Debug|Any CPU
		{A3A9E69B-ECD4-438D-9DE1-2070ABA52F46}.Debug|Any CPU.Build.0 = Debug|Any CPU
		{A3A9E69B-ECD4-438D-9DE1-2070ABA52F46}.Release|Any CPU.ActiveCfg = Release|Any CPU
		{A3A9E69B-ECD4-438D-9DE1-2070ABA52F46}.Release|Any CPU.Build.0 = Release|Any CPU
		{8B73BA33-E11D-4AA5-8918-437F85F09B30}.Debug|Any CPU.ActiveCfg = Debug|Any CPU
		{8B73BA33-E11D-4AA5-8918-437F85F09B30}.Debug|Any CPU.Build.0 = Debug|Any CPU
		{8B73BA33-E11D-4AA5-8918-437F85F09B30}.Release|Any CPU.ActiveCfg = Release|Any CPU
		{8B73BA33-E11D-4AA5-8918-437F85F09B30}.Release|Any CPU.Build.0 = Release|Any CPU
	EndGlobalSection
	GlobalSection(SolutionProperties) = preSolution
		HideSolutionNode = FALSE
	EndGlobalSection
	GlobalSection(ExtensibilityGlobals) = postSolution
		SolutionGuid = {1ED1D160-0EE6-48C5-9A0E-DA7853C5FB26}
	EndGlobalSection
EndGlobal
